
Microsoft Visual Studio Solution File, Format Version 12.00
# Visual Studio Version 17
VisualStudioVersion = 17.2.32526.322
MinimumVisualStudioVersion = 10.0.40219.1
Project("{FAE04EC0-301F-11D3-BF4B-00C04F79EFBC}") = "RazorPagesMovies", "RazorPagesMovies\RazorPagesMovies.csproj", "{A74FBD5C-4EFB-4FBA-A64B-ACA6E3CCACBF}"
EndProject
Global
	GlobalSection(SolutionConfigurationPlatforms) = preSolution
		Debug|Any CPU = Debug|Any CPU
		Release|Any CPU = Release|Any CPU
	EndGlobalSection
	GlobalSection(ProjectConfigurationPlatforms) = postSolution
		{A74FBD5C-4EFB-4FBA-A64B-ACA6E3CCACBF}.Debug|Any CPU.ActiveCfg = Debug|Any CPU
		{A74FBD5C-4EFB-4FBA-A64B-ACA6E3CCACBF}.Debug|Any CPU.Build.0 = Debug|Any CPU
		{A74FBD5C-4EFB-4FBA-A64B-ACA6E3CCACBF}.Release|Any CPU.ActiveCfg = Release|Any CPU
		{A74FBD5C-4EFB-4FBA-A64B-ACA6E3CCACBF}.Release|Any CPU.Build.0 = Release|Any CPU
	EndGlobalSection
	GlobalSection(SolutionProperties) = preSolution
		HideSolutionNode = FALSE
	EndGlobalSection
	GlobalSection(ExtensibilityGlobals) = postSolution
		SolutionGuid = {1DA02007-0BEC-4D66-9AF6-DA43509BC0CE}
	EndGlobalSection
EndGlobal
